
Microsoft Visual Studio Solution File, Format Version 12.00
# Visual Studio Version 16
VisualStudioVersion = 16.0.29920.165
MinimumVisualStudioVersion = 15.0.26124.0
Project("{9A19103F-16F7-4668-BE54-9A1E7A4F7556}") = "WebApiDemo", "WebApiDemo\WebApiDemo.csproj", "{0F5D2EC2-3032-44CA-8F9C-CB63A81C7EF7}"
EndProject
Project("{2150E333-8FDC-42A3-9474-1A3956D46DE8}") = "notes", "notes", "{D1DC6D36-781A-43E7-8AB1-A8986E97A4B0}"
	ProjectSection(SolutionItems) = preProject
		README.md = README.md
	EndProjectSection
EndProject
Project("{9A19103F-16F7-4668-BE54-9A1E7A4F7556}") = "WebApiDemo.Tests", "WebApiDemo.Tests\WebApiDemo.Tests.csproj", "{4E6B68C4-C648-4B3B-9E45-AA19B519301A}"
EndProject
Project("{2150E333-8FDC-42A3-9474-1A3956D46DE8}") = "rabbitMQ", "rabbitMQ", "{063C8D97-509F-4313-9DD2-53EC70A535CD}"
EndProject
Project("{2150E333-8FDC-42A3-9474-1A3956D46DE8}") = "RPC-DEMO1", "RPC-DEMO1", "{288813B1-B426-402D-8A62-BD49A0D82DA3}"
EndProject
Project("{9A19103F-16F7-4668-BE54-9A1E7A4F7556}") = "QueueTester.Consumer", "RabbitMQ\rpc-demo1\QueueTester.Consumer\QueueTester.Consumer.csproj", "{24954A17-91FF-416F-90B6-2A1379CA9659}"
EndProject
Project("{9A19103F-16F7-4668-BE54-9A1E7A4F7556}") = "QueueTester.Core", "RabbitMQ\rpc-demo1\QueueTester.Core\QueueTester.Core.csproj", "{55491B45-D8B1-4971-9E19-F7467C7ACE0F}"
EndProject
Project("{9A19103F-16F7-4668-BE54-9A1E7A4F7556}") = "QueueTester.Publisher", "RabbitMQ\rpc-demo1\QueueTester.Publisher\QueueTester.Publisher.csproj", "{CEB11CD3-090D-44A2-B351-F6866BD49FC1}"
EndProject
Global
	GlobalSection(SolutionConfigurationPlatforms) = preSolution
		Debug|Any CPU = Debug|Any CPU
		Debug|x64 = Debug|x64
		Debug|x86 = Debug|x86
		Release|Any CPU = Release|Any CPU
		Release|x64 = Release|x64
		Release|x86 = Release|x86
	EndGlobalSection
	GlobalSection(ProjectConfigurationPlatforms) = postSolution
		{0F5D2EC2-3032-44CA-8F9C-CB63A81C7EF7}.Debug|Any CPU.ActiveCfg = Debug|Any CPU
		{0F5D2EC2-3032-44CA-8F9C-CB63A81C7EF7}.Debug|Any CPU.Build.0 = Debug|Any CPU
		{0F5D2EC2-3032-44CA-8F9C-CB63A81C7EF7}.Debug|x64.ActiveCfg = Debug|Any CPU
		{0F5D2EC2-3032-44CA-8F9C-CB63A81C7EF7}.Debug|x64.Build.0 = Debug|Any CPU
		{0F5D2EC2-3032-44CA-8F9C-CB63A81C7EF7}.Debug|x86.ActiveCfg = Debug|Any CPU
		{0F5D2EC2-3032-44CA-8F9C-CB63A81C7EF7}.Debug|x86.Build.0 = Debug|Any CPU
		{0F5D2EC2-3032-44CA-8F9C-CB63A81C7EF7}.Release|Any CPU.ActiveCfg = Release|Any CPU
		{0F5D2EC2-3032-44CA-8F9C-CB63A81C7EF7}.Release|Any CPU.Build.0 = Release|Any CPU
		{0F5D2EC2-3032-44CA-8F9C-CB63A81C7EF7}.Release|x64.ActiveCfg = Release|Any CPU
		{0F5D2EC2-3032-44CA-8F9C-CB63A81C7EF7}.Release|x64.Build.0 = Release|Any CPU
		{0F5D2EC2-3032-44CA-8F9C-CB63A81C7EF7}.Release|x86.ActiveCfg = Release|Any CPU
		{0F5D2EC2-3032-44CA-8F9C-CB63A81C7EF7}.Release|x86.Build.0 = Release|Any CPU
		{4E6B68C4-C648-4B3B-9E45-AA19B519301A}.Debug|Any CPU.ActiveCfg = Debug|Any CPU
		{4E6B68C4-C648-4B3B-9E45-AA19B519301A}.Debug|Any CPU.Build.0 = Debug|Any CPU
		{4E6B68C4-C648-4B3B-9E45-AA19B519301A}.Debug|x64.ActiveCfg = Debug|Any CPU
		{4E6B68C4-C648-4B3B-9E45-AA19B519301A}.Debug|x64.Build.0 = Debug|Any CPU
		{4E6B68C4-C648-4B3B-9E45-AA19B519301A}.Debug|x86.ActiveCfg = Debug|Any CPU
		{4E6B68C4-C648-4B3B-9E45-AA19B519301A}.Debug|x86.Build.0 = Debug|Any CPU
		{4E6B68C4-C648-4B3B-9E45-AA19B519301A}.Release|Any CPU.ActiveCfg = Release|Any CPU
		{4E6B68C4-C648-4B3B-9E45-AA19B519301A}.Release|Any CPU.Build.0 = Release|Any CPU
		{4E6B68C4-C648-4B3B-9E45-AA19B519301A}.Release|x64.ActiveCfg = Release|Any CPU
		{4E6B68C4-C648-4B3B-9E45-AA19B519301A}.Release|x64.Build.0 = Release|Any CPU
		{4E6B68C4-C648-4B3B-9E45-AA19B519301A}.Release|x86.ActiveCfg = Release|Any CPU
		{4E6B68C4-C648-4B3B-9E45-AA19B519301A}.Release|x86.Build.0 = Release|Any CPU
		{24954A17-91FF-416F-90B6-2A1379CA9659}.Debug|Any CPU.ActiveCfg = Debug|Any CPU
		{24954A17-91FF-416F-90B6-2A1379CA9659}.Debug|Any CPU.Build.0 = Debug|Any CPU
		{24954A17-91FF-416F-90B6-2A1379CA9659}.Debug|x64.ActiveCfg = Debug|Any CPU
		{24954A17-91FF-416F-90B6-2A1379CA9659}.Debug|x64.Build.0 = Debug|Any CPU
		{24954A17-91FF-416F-90B6-2A1379CA9659}.Debug|x86.ActiveCfg = Debug|Any CPU
		{24954A17-91FF-416F-90B6-2A1379CA9659}.Debug|x86.Build.0 = Debug|Any CPU
		{24954A17-91FF-416F-90B6-2A1379CA9659}.Release|Any CPU.ActiveCfg = Release|Any CPU
		{24954A17-91FF-416F-90B6-2A1379CA9659}.Release|Any CPU.Build.0 = Release|Any CPU
		{24954A17-91FF-416F-90B6-2A1379CA9659}.Release|x64.ActiveCfg = Release|Any CPU
		{24954A17-91FF-416F-90B6-2A1379CA9659}.Release|x64.Build.0 = Release|Any CPU
		{24954A17-91FF-416F-90B6-2A1379CA9659}.Release|x86.ActiveCfg = Release|Any CPU
		{24954A17-91FF-416F-90B6-2A1379CA9659}.Release|x86.Build.0 = Release|Any CPU
		{55491B45-D8B1-4971-9E19-F7467C7ACE0F}.Debug|Any CPU.ActiveCfg = Debug|Any CPU
		{55491B45-D8B1-4971-9E19-F7467C7ACE0F}.Debug|Any CPU.Build.0 = Debug|Any CPU
		{55491B45-D8B1-4971-9E19-F7467C7ACE0F}.Debug|x64.ActiveCfg = Debug|Any CPU
		{55491B45-D8B1-4971-9E19-F7467C7ACE0F}.Debug|x64.Build.0 = Debug|Any CPU
		{55491B45-D8B1-4971-9E19-F7467C7ACE0F}.Debug|x86.ActiveCfg = Debug|Any CPU
		{55491B45-D8B1-4971-9E19-F7467C7ACE0F}.Debug|x86.Build.0 = Debug|Any CPU
		{55491B45-D8B1-4971-9E19-F7467C7ACE0F}.Release|Any CPU.ActiveCfg = Release|Any CPU
		{55491B45-D8B1-4971-9E19-F7467C7ACE0F}.Release|Any CPU.Build.0 = Release|Any CPU
		{55491B45-D8B1-4971-9E19-F7467C7ACE0F}.Release|x64.ActiveCfg = Release|Any CPU
		{55491B45-D8B1-4971-9E19-F7467C7ACE0F}.Release|x64.Build.0 = Release|Any CPU
		{55491B45-D8B1-4971-9E19-F7467C7ACE0F}.Release|x86.ActiveCfg = Release|Any CPU
		{55491B45-D8B1-4971-9E19-F7467C7ACE0F}.Release|x86.Build.0 = Release|Any CPU
		{CEB11CD3-090D-44A2-B351-F6866BD49FC1}.Debug|Any CPU.ActiveCfg = Debug|Any CPU
		{CEB11CD3-090D-44A2-B351-F6866BD49FC1}.Debug|Any CPU.Build.0 = Debug|Any CPU
		{CEB11CD3-090D-44A2-B351-F6866BD49FC1}.Debug|x64.ActiveCfg = Debug|Any CPU
		{CEB11CD3-090D-44A2-B351-F6866BD49FC1}.Debug|x64.Build.0 = Debug|Any CPU
		{CEB11CD3-090D-44A2-B351-F6866BD49FC1}.Debug|x86.ActiveCfg = Debug|Any CPU
		{CEB11CD3-090D-44A2-B351-F6866BD49FC1}.Debug|x86.Build.0 = Debug|Any CPU
		{CEB11CD3-090D-44A2-B351-F6866BD49FC1}.Release|Any CPU.ActiveCfg = Release|Any CPU
		{CEB11CD3-090D-44A2-B351-F6866BD49FC1}.Release|Any CPU.Build.0 = Release|Any CPU
		{CEB11CD3-090D-44A2-B351-F6866BD49FC1}.Release|x64.ActiveCfg = Release|Any CPU
		{CEB11CD3-090D-44A2-B351-F6866BD49FC1}.Release|x64.Build.0 = Release|Any CPU
		{CEB11CD3-090D-44A2-B351-F6866BD49FC1}.Release|x86.ActiveCfg = Release|Any CPU
		{CEB11CD3-090D-44A2-B351-F6866BD49FC1}.Release|x86.Build.0 = Release|Any CPU
	EndGlobalSection
	GlobalSection(SolutionProperties) = preSolution
		HideSolutionNode = FALSE
	EndGlobalSection
	GlobalSection(NestedProjects) = preSolution
		{288813B1-B426-402D-8A62-BD49A0D82DA3} = {063C8D97-509F-4313-9DD2-53EC70A535CD}
		{24954A17-91FF-416F-90B6-2A1379CA9659} = {288813B1-B426-402D-8A62-BD49A0D82DA3}
		{55491B45-D8B1-4971-9E19-F7467C7ACE0F} = {288813B1-B426-402D-8A62-BD49A0D82DA3}
		{CEB11CD3-090D-44A2-B351-F6866BD49FC1} = {288813B1-B426-402D-8A62-BD49A0D82DA3}
	EndGlobalSection
	GlobalSection(ExtensibilityGlobals) = postSolution
		SolutionGuid = {BBD48D42-F210-4157-878C-C527A7443161}
	EndGlobalSection
EndGlobal
